{
  "version": 4,
  "terraform_version": "1.1.8",
  "serial": 64,
  "lineage": "dfb006f7-3810-abbd-a244-8060b483738d",
  "outputs": {
    "tls_private_key": {
      "value": "-----BEGIN RSA PRIVATE KEY-----\nMIIJJwIBAAKCAgEAuEPAdN1aWmotYUpeZrNggyEU4LIoIU5H7+vvmBcnQVMRRobW\nEPSmQXkUlyQNJ3AIxMYqn+9kWq6i+XTOxrUZ+jIcgNHO3O9CaXw7sJ51leb2MecB\nwaEiDvd7mileF49nyScmdahVvul5X06BjPaaxgFLoybBFhwB5oqqs3Kyk9T+p+7Z\n3mcnklcLDa6bBNDame8LGKTxRYkEUR+K8kJxw6oFzJLyG02Q500uJcNThwYgFMQH\nXQQiGTDqnzxLqM7VGeM3ep59/zaeu8rnCeYHtYl9VBYomKVrOAaKGc7QDayLGKh7\nFk/8NEI0/g2fOqMmesEoE/CldJuz9GwjqkBhNcUj4SOEedizv2SBcuYbBsFLHGHB\nb5ph7rG4rHdRzamqcqj9+rdC7WiDkW+4O0bZvVnJxzfr7t74duOZh+O/6t2AQPk9\n2ST+2GxtTlXUogex2pdEPyF7NQ4/fOiwPvF+DcuSaYsN4TdDzrQxi5ZuQxsG+acL\nzHFVMIpPaSBEtWfhbEK4K++oM1tA8qBIWSUw5MxZp/YhyOayLlza3su6ehf9ZfJd\nmWXJav26Xr7gl4CxfgsYD9IXzBSuLZHsIMRrzz6Kuu83sXvdCr80ilHTDJJNJWvk\nKpzW5ukM6YIVEEDyDFi68At53re/ipybns8HqAE4eQeOsdng4lDB7YbJE2kCAwEA\nAQKCAgAldvkRidQOIBp79o/9F6me38IL8Y1BQFZWDMWZSdPcb1RK3610oxmOpFyw\nYk8eXqQZxiTygc0ItwtB5yMHudi/SyMKeh4yQ59gLTdBsOY9hUk3Wj28LdPr8Ru7\ne3+7EJhMiN5D++b7OyNHYoHqtFVBvw+u63lE0or8YeNVOxPeBOeGI4U+uACOu43u\nyTqRnxljRPwflaHMvpAXIm+w1BunadFmB9acAIhezw179hvsjy1Eq5rHqch5EL4T\nhEHp36vqaI1mLAV4N5XMnvOcyp10prDJwPueFbwYFxRLLQaWUSey6sakAb1IrtFx\nejmOxY9UVCOe8kXh0KqlHrudqRtaZ5/ZHt50kgrpY7QZV5q0ILL19cXWBK2xzN2r\n3vmUu4Z5p4L+zhIb6lU6rk9yDGBJseQLRdwtwisEgeBjmyT4Eco5ZHay4qECPmPK\nS0r+/dA9fdf/nRdmAEyoXO7kpDQ4UV2+r/yRr6l+FDW7uzS3d4WRGx/1VOk1MBKZ\nUyGI5Cvqp7AF05hMfzPO+EGLyYwaZOyCWxxwFvcn9PXQbYBOYa/K2yvvdO4a9BpC\nVb4cnVryFEePrPyeYTZVYGDY0DnufsKF1EjwS0/yPfqUalhp5X0hwwJ5RHv13HJj\nKfl/oH5k9efVZP/9qUgj+y5HnH+A6l7Hgv7BOlTng2KMkhd4tQKCAQEAw8F6dWYR\nTlGATH7a81b9vHVfSKxvoRV539YK/NUOafi93C57v5ddTdRgWhfqHO3IXcRyIOfv\nf+2lAhLbIqTOtql6tzOW52dNBEsy9OYmqnLnShnCTxjK2K0dTLJCfRYgtcV8yPDF\nn7lhTBQjeUDykL7vXRHbPTE2iA/pH1X+KfPh9pbl7C5sGoLstg3/ojwtDIwX/VPm\nDRbAIHMqJE1AAPshOxBIWPILkTUINz0SQtcutrmkFTko3TGMlq1RxhQ0x2wy/oBS\n8muXpre9EXDiGtskA63uhbx9oLtbc1DmLRwH5zKeTT8V2NKXdCulKrxTKswlPv6M\nwjJPPGpODhxq6wKCAQEA8Pjzh2BV5TV5Y/Igw0DrHgUpExeAYILWGUSd+C7KVQP3\n9ykYPVWlptBe4CM4hKdPpHoKzIWg123TV9XqQsuMhwI1lA3r6izrnOOFMmATuBhU\nEhlNoqlc8IfGYdoHicW6c0QE395Am+rqQIXEd55YWtin98RU+WE95gyF3lWYfTdH\nfFHjouAUnCqWO/v8lM5VU1phizQl1aUOrFayEtOv0jn99XngWuh5QpOzPzhZWjfY\nRLfLxKAsGwUoQjq7YGylWGE0Xyuq60QeKSq9XVbYafon+2jkNyANjnnegrebfHHq\nAIMgVT9wwmFemsNXDgjyKsn4B/75hJyJlUrFXUb9+wKCAQBgJNq8ZlEBok3dREDN\nW2Br+0m9K9P3zdB5+2qSGyJlMeIuDjaBNxqAa1qXZT96zd6nDyDuwHuE3Xc5uYEf\nVsqgNEUtTY1EQhw1i6mPVqqO9LhcUKJ6rraSDRRi4vp87S1LmZ9cIcUuWaJL92gk\n2Z1JMj3l/CsttsoNsaLR3S5j9IB62Eo84d/+dWdFU0LGr7+Adh4iMd6/dvkN9wIv\nqjFRSgZcN/cQmHDN9LoAR2J8qasr26mXMue7G+bs6ltLagkyGRZCoUwb/HQTUhLu\nSf8DKbZaiEaqMJWTJ/IWhRlH9oh7KQVO8zkLsQLp77XDc5N1Zaa1ddg0WPlJtvx3\nOcXZAoIBAH1yvSUu68ilrApyFMhRVZWNTjLYO0cDFf6VkD+R7FeR91c+l5XmrpRH\nSf0ZmOTGTVntBw4uSuucCzhg7tHTMddfORFYpgaFWCuW7tKo3dsrHylE7vvNe8rk\nhEyQuvfobgZv1LHO/IevJkBs4zj6wDibLeZ42VvyWc0Xm+GBYh9d1eNMpls2mMQs\nD4YuyvGU8SqxlLJpdYDhqt/hSlcuyQuCkUloJ3psKCSWy+wPo8Sp6fbsUDKOyCdQ\n6gKAnOe35+Q4xpD9JL/R+Hmp/GdJPOT/DC2AD776+tO/ci1O9K02iIG3we9fVY58\nLkoXg4yU762C85MGFFQLQjzsbg7/VF0CggEAHSuv5EXeBQ4RHl1W5l5fZGN3AhjL\nlzrhIO5vzQQoOp7si2MBFJc3ePRz0w/VA2WQgG76j9ZEhl//Nl9hfiz7XIsCT1nE\ndfNCOf4oVom49ZDHCPNVr8gjUaOSUkfzHZDTY0cbiZVG5xYMWb1AATi/G+h/W1rR\nQrzZ8rov7SJrpf/iECCVVKAn3JiUXZ9lSQreZHGAEKjM+WAs5uKVyPZfMvV4l39J\nraaS6KkZb5EChAaj0RlxGr/Bmc0Q0u9NgxXS/yVZ+hl8elaY4XyOmInKNETFIdiR\nw7yy0EwRFd+JisxJpFAv6yvjGZe8333JRNcFtzNmIWs86JZy78Qn2NI/wA==\n-----END RSA PRIVATE KEY-----\n",
      "type": "string",
      "sensitive": true
    }
  },
  "resources": [
    {
      "mode": "managed",
      "type": "azurerm_linux_virtual_machine",
      "name": "linux_vm",
      "provider": "provider[\"registry.terraform.io/hashicorp/azurerm\"]",
      "instances": [
        {
          "schema_version": 0,
          "attributes": {
            "additional_capabilities": [],
            "admin_password": null,
            "admin_ssh_key": [
              {
                "public_key": "ssh-rsa AAAAB3NzaC1yc2EAAAADAQABAAACAQC4Q8B03Vpaai1hSl5ms2CDIRTgsighTkfv6++YFydBUxFGhtYQ9KZBeRSXJA0ncAjExiqf72RarqL5dM7GtRn6MhyA0c7c70JpfDuwnnWV5vYx5wHBoSIO93uaKV4Xj2fJJyZ1qFW+6XlfToGM9prGAUujJsEWHAHmiqqzcrKT1P6n7tneZyeSVwsNrpsE0NqZ7wsYpPFFiQRRH4ryQnHDqgXMkvIbTZDnTS4lw1OHBiAUxAddBCIZMOqfPEuoztUZ4zd6nn3/Np67yucJ5ge1iX1UFiiYpWs4BooZztANrIsYqHsWT/w0QjT+DZ86oyZ6wSgT8KV0m7P0bCOqQGE1xSPhI4R52LO/ZIFy5hsGwUscYcFvmmHusbisd1HNqapyqP36t0LtaIORb7g7Rtm9WcnHN+vu3vh245mH47/q3YBA+T3ZJP7YbG1OVdSiB7Hal0Q/IXs1Dj986LA+8X4Ny5Jpiw3hN0POtDGLlm5DGwb5pwvMcVUwik9pIES1Z+FsQrgr76gzW0DyoEhZJTDkzFmn9iHI5rIuXNrey7p6F/1l8l2ZZclq/bpevuCXgLF+CxgP0hfMFK4tkewgxGvPPoq67zexe90KvzSKUdMMkk0la+QqnNbm6QzpghUQQPIMWLrwC3net7+KnJuezweoATh5B46x2eDiUMHthskTaQ==\n",
                "username": "adminuser"
              }
            ],
            "admin_username": "adminuser",
            "allow_extension_operations": true,
            "availability_set_id": "",
            "boot_diagnostics": [],
            "computer_name": "terraform-linux-vm",
            "custom_data": null,
            "dedicated_host_group_id": "",
            "dedicated_host_id": "",
            "disable_password_authentication": true,
            "edge_zone": "",
            "encryption_at_host_enabled": false,
            "eviction_policy": "",
            "extensions_time_budget": "PT1H30M",
            "id": "/subscriptions/7bf22583-6308-460d-8983-5051b2157c0e/resourceGroups/terraform-rg/providers/Microsoft.Compute/virtualMachines/terraform-linux-vm",
            "identity": [],
            "license_type": "",
            "location": "eastasia",
            "max_bid_price": -1,
            "name": "terraform-linux-vm",
            "network_interface_ids": [
              "/subscriptions/7bf22583-6308-460d-8983-5051b2157c0e/resourceGroups/terraform-rg/providers/Microsoft.Network/networkInterfaces/terraform-nic-eastasia"
            ],
            "os_disk": [
              {
                "caching": "ReadWrite",
                "diff_disk_settings": [],
                "disk_encryption_set_id": "",
                "disk_size_gb": 30,
                "name": "terraform-linux-vm_OsDisk_1_95f86bb19eb549cdbdd29b3a719f6454",
                "storage_account_type": "Standard_LRS",
                "write_accelerator_enabled": false
              }
            ],
            "patch_mode": "ImageDefault",
            "plan": [],
            "platform_fault_domain": -1,
            "priority": "Regular",
            "private_ip_address": "10.0.2.4",
            "private_ip_addresses": [
              "10.0.2.4"
            ],
            "provision_vm_agent": true,
            "proximity_placement_group_id": "",
            "public_ip_address": "13.75.48.19",
            "public_ip_addresses": [
              "13.75.48.19"
            ],
            "resource_group_name": "terraform-rg",
            "secret": [],
            "secure_boot_enabled": false,
            "size": "Standard_D2s_v3",
            "source_image_id": "",
            "source_image_reference": [
              {
                "offer": "UbuntuServer",
                "publisher": "Canonical",
                "sku": "16.04-LTS",
                "version": "latest"
              }
            ],
            "tags": null,
            "termination_notification": null,
            "timeouts": null,
            "user_data": "",
            "virtual_machine_id": "3a7cf9ff-ad22-41f6-a332-e6466e2d0ecc",
            "virtual_machine_scale_set_id": "",
            "vtpm_enabled": false,
            "zone": ""
          },
          "sensitive_attributes": [],
          "private": "eyJlMmJmYjczMC1lY2FhLTExZTYtOGY4OC0zNDM2M2JjN2M0YzAiOnsiY3JlYXRlIjoyNzAwMDAwMDAwMDAwLCJkZWxldGUiOjI3MDAwMDAwMDAwMDAsInJlYWQiOjMwMDAwMDAwMDAwMCwidXBkYXRlIjoyNzAwMDAwMDAwMDAwfX0=",
          "dependencies": [
            "azurerm_network_interface.nic",
            "azurerm_public_ip.publicIP",
            "azurerm_resource_group.rg",
            "azurerm_subnet.subnet1",
            "azurerm_virtual_network.vnet",
            "tls_private_key.rsa-4096"
          ]
        }
      ]
    },
    {
      "mode": "managed",
      "type": "azurerm_network_interface",
      "name": "nic",
      "provider": "provider[\"registry.terraform.io/hashicorp/azurerm\"]",
      "instances": [
        {
          "schema_version": 0,
          "attributes": {
            "applied_dns_servers": [],
            "dns_servers": [],
            "edge_zone": "",
            "enable_accelerated_networking": false,
            "enable_ip_forwarding": false,
            "id": "/subscriptions/7bf22583-6308-460d-8983-5051b2157c0e/resourceGroups/terraform-rg/providers/Microsoft.Network/networkInterfaces/terraform-nic-eastasia",
            "internal_dns_name_label": "",
            "internal_domain_name_suffix": "4kgm3wj0on2upgjoimgkshlkxg.hx.internal.cloudapp.net",
            "ip_configuration": [
              {
                "gateway_load_balancer_frontend_ip_configuration_id": "",
                "name": "internal",
                "primary": true,
                "private_ip_address": "10.0.2.4",
                "private_ip_address_allocation": "Dynamic",
                "private_ip_address_version": "IPv4",
                "public_ip_address_id": "/subscriptions/7bf22583-6308-460d-8983-5051b2157c0e/resourceGroups/terraform-rg/providers/Microsoft.Network/publicIPAddresses/terraform-publicIP",
                "subnet_id": "/subscriptions/7bf22583-6308-460d-8983-5051b2157c0e/resourceGroups/terraform-rg/providers/Microsoft.Network/virtualNetworks/terraform-vnet/subnets/terraform-subnet1"
              }
            ],
            "location": "eastasia",
            "mac_address": "",
            "name": "terraform-nic-eastasia",
            "private_ip_address": "10.0.2.4",
            "private_ip_addresses": [
              "10.0.2.4"
            ],
            "resource_group_name": "terraform-rg",
            "tags": null,
            "timeouts": null,
            "virtual_machine_id": ""
          },
          "sensitive_attributes": [],
          "private": "eyJlMmJmYjczMC1lY2FhLTExZTYtOGY4OC0zNDM2M2JjN2M0YzAiOnsiY3JlYXRlIjoxODAwMDAwMDAwMDAwLCJkZWxldGUiOjE4MDAwMDAwMDAwMDAsInJlYWQiOjMwMDAwMDAwMDAwMCwidXBkYXRlIjoxODAwMDAwMDAwMDAwfX0=",
          "dependencies": [
            "azurerm_public_ip.publicIP",
            "azurerm_resource_group.rg",
            "azurerm_subnet.subnet1",
            "azurerm_virtual_network.vnet"
          ]
        }
      ]
    },
    {
      "mode": "managed",
      "type": "azurerm_network_interface_security_group_association",
      "name": "nicsga",
      "provider": "provider[\"registry.terraform.io/hashicorp/azurerm\"]",
      "instances": [
        {
          "schema_version": 0,
          "attributes": {
            "id": "/subscriptions/7bf22583-6308-460d-8983-5051b2157c0e/resourceGroups/terraform-rg/providers/Microsoft.Network/networkInterfaces/terraform-nic-eastasia|/subscriptions/7bf22583-6308-460d-8983-5051b2157c0e/resourceGroups/terraform-rg/providers/Microsoft.Network/networkSecurityGroups/terraform-nsg",
            "network_interface_id": "/subscriptions/7bf22583-6308-460d-8983-5051b2157c0e/resourceGroups/terraform-rg/providers/Microsoft.Network/networkInterfaces/terraform-nic-eastasia",
            "network_security_group_id": "/subscriptions/7bf22583-6308-460d-8983-5051b2157c0e/resourceGroups/terraform-rg/providers/Microsoft.Network/networkSecurityGroups/terraform-nsg",
            "timeouts": null
          },
          "sensitive_attributes": [],
          "private": "eyJlMmJmYjczMC1lY2FhLTExZTYtOGY4OC0zNDM2M2JjN2M0YzAiOnsiY3JlYXRlIjoxODAwMDAwMDAwMDAwLCJkZWxldGUiOjE4MDAwMDAwMDAwMDAsInJlYWQiOjMwMDAwMDAwMDAwMCwidXBkYXRlIjoxODAwMDAwMDAwMDAwfX0=",
          "dependencies": [
            "azurerm_network_interface.nic",
            "azurerm_network_security_group.nsg",
            "azurerm_public_ip.publicIP",
            "azurerm_resource_group.rg",
            "azurerm_subnet.subnet1",
            "azurerm_virtual_network.vnet"
          ]
        }
      ]
    },
    {
      "mode": "managed",
      "type": "azurerm_network_security_group",
      "name": "nsg",
      "provider": "provider[\"registry.terraform.io/hashicorp/azurerm\"]",
      "instances": [
        {
          "schema_version": 0,
          "attributes": {
            "id": "/subscriptions/7bf22583-6308-460d-8983-5051b2157c0e/resourceGroups/terraform-rg/providers/Microsoft.Network/networkSecurityGroups/terraform-nsg",
            "location": "eastasia",
            "name": "terraform-nsg",
            "resource_group_name": "terraform-rg",
            "security_rule": [
              {
                "access": "Allow",
                "description": "",
                "destination_address_prefix": "*",
                "destination_address_prefixes": [],
                "destination_application_security_group_ids": [],
                "destination_port_range": "22",
                "destination_port_ranges": [],
                "direction": "Inbound",
                "name": "securityRule22",
                "priority": 100,
                "protocol": "Tcp",
                "source_address_prefix": "*",
                "source_address_prefixes": [],
                "source_application_security_group_ids": [],
                "source_port_range": "*",
                "source_port_ranges": []
              }
            ],
            "tags": {
              "env": "test",
              "group": "terraform"
            },
            "timeouts": null
          },
          "sensitive_attributes": [],
          "private": "eyJlMmJmYjczMC1lY2FhLTExZTYtOGY4OC0zNDM2M2JjN2M0YzAiOnsiY3JlYXRlIjoxODAwMDAwMDAwMDAwLCJkZWxldGUiOjE4MDAwMDAwMDAwMDAsInJlYWQiOjMwMDAwMDAwMDAwMCwidXBkYXRlIjoxODAwMDAwMDAwMDAwfX0=",
          "dependencies": [
            "azurerm_resource_group.rg"
          ]
        }
      ]
    },
    {
      "mode": "managed",
      "type": "azurerm_public_ip",
      "name": "publicIP",
      "provider": "provider[\"registry.terraform.io/hashicorp/azurerm\"]",
      "instances": [
        {
          "schema_version": 0,
          "attributes": {
            "allocation_method": "Dynamic",
            "domain_name_label": null,
            "edge_zone": "",
            "fqdn": null,
            "id": "/subscriptions/7bf22583-6308-460d-8983-5051b2157c0e/resourceGroups/terraform-rg/providers/Microsoft.Network/publicIPAddresses/terraform-publicIP",
            "idle_timeout_in_minutes": 4,
            "ip_address": "",
            "ip_tags": {},
            "ip_version": "IPv4",
            "location": "eastasia",
            "name": "terraform-publicIP",
            "public_ip_prefix_id": null,
            "resource_group_name": "terraform-rg",
            "reverse_fqdn": null,
            "sku": "Basic",
            "sku_tier": "Regional",
            "tags": {
              "env": "test",
              "group": "terraform"
            },
            "timeouts": null,
            "zones": []
          },
          "sensitive_attributes": [],
          "private": "eyJlMmJmYjczMC1lY2FhLTExZTYtOGY4OC0zNDM2M2JjN2M0YzAiOnsiY3JlYXRlIjoxODAwMDAwMDAwMDAwLCJkZWxldGUiOjE4MDAwMDAwMDAwMDAsInJlYWQiOjMwMDAwMDAwMDAwMCwidXBkYXRlIjoxODAwMDAwMDAwMDAwfX0=",
          "dependencies": [
            "azurerm_resource_group.rg"
          ]
        }
      ]
    },
    {
      "mode": "managed",
      "type": "azurerm_resource_group",
      "name": "rg",
      "provider": "provider[\"registry.terraform.io/hashicorp/azurerm\"]",
      "instances": [
        {
          "schema_version": 0,
          "attributes": {
            "id": "/subscriptions/7bf22583-6308-460d-8983-5051b2157c0e/resourceGroups/terraform-rg",
            "location": "eastasia",
            "name": "terraform-rg",
            "tags": {
              "env": "test",
              "group": "terraform"
            },
            "timeouts": null
          },
          "sensitive_attributes": [],
          "private": "eyJlMmJmYjczMC1lY2FhLTExZTYtOGY4OC0zNDM2M2JjN2M0YzAiOnsiY3JlYXRlIjo1NDAwMDAwMDAwMDAwLCJkZWxldGUiOjU0MDAwMDAwMDAwMDAsInJlYWQiOjMwMDAwMDAwMDAwMCwidXBkYXRlIjo1NDAwMDAwMDAwMDAwfX0="
        }
      ]
    },
    {
      "mode": "managed",
      "type": "azurerm_storage_account",
      "name": "storageAccount",
      "provider": "provider[\"registry.terraform.io/hashicorp/azurerm\"]",
      "instances": [
        {
          "schema_version": 3,
          "attributes": {
            "access_tier": "Hot",
            "account_kind": "StorageV2",
            "account_replication_type": "LRS",
            "account_tier": "Standard",
            "allow_nested_items_to_be_public": true,
            "azure_files_authentication": [],
            "blob_properties": [
              {
                "change_feed_enabled": false,
                "container_delete_retention_policy": [],
                "cors_rule": [],
                "default_service_version": "",
                "delete_retention_policy": [],
                "last_access_time_enabled": false,
                "versioning_enabled": false
              }
            ],
            "custom_domain": [],
            "customer_managed_key": [],
            "edge_zone": "",
            "enable_https_traffic_only": true,
            "id": "/subscriptions/7bf22583-6308-460d-8983-5051b2157c0e/resourceGroups/terraform-rg/providers/Microsoft.Storage/storageAccounts/diag2473897f986ac8ab",
            "identity": [],
            "infrastructure_encryption_enabled": false,
            "is_hns_enabled": false,
            "large_file_share_enabled": null,
            "location": "eastasia",
            "min_tls_version": "TLS1_2",
            "name": "diag2473897f986ac8ab",
            "network_rules": [
              {
                "bypass": [
                  "AzureServices"
                ],
                "default_action": "Allow",
                "ip_rules": [],
                "private_link_access": [],
                "virtual_network_subnet_ids": []
              }
            ],
            "nfsv3_enabled": false,
            "primary_access_key": "pJTYzBJ8k/llHWobXzEmsC1Ae5hqmFWuhWnLfM9QwClrq0D78r/rtm7OXt0Mecq8LKLdfAYYPYqkJzdRWkVLqg==",
            "primary_blob_connection_string": "DefaultEndpointsProtocol=https;BlobEndpoint=https://diag2473897f986ac8ab.blob.core.windows.net/;AccountName=diag2473897f986ac8ab;AccountKey=pJTYzBJ8k/llHWobXzEmsC1Ae5hqmFWuhWnLfM9QwClrq0D78r/rtm7OXt0Mecq8LKLdfAYYPYqkJzdRWkVLqg==",
            "primary_blob_endpoint": "https://diag2473897f986ac8ab.blob.core.windows.net/",
            "primary_blob_host": "diag2473897f986ac8ab.blob.core.windows.net",
            "primary_connection_string": "DefaultEndpointsProtocol=https;AccountName=diag2473897f986ac8ab;AccountKey=pJTYzBJ8k/llHWobXzEmsC1Ae5hqmFWuhWnLfM9QwClrq0D78r/rtm7OXt0Mecq8LKLdfAYYPYqkJzdRWkVLqg==;EndpointSuffix=core.windows.net",
            "primary_dfs_endpoint": "https://diag2473897f986ac8ab.dfs.core.windows.net/",
            "primary_dfs_host": "diag2473897f986ac8ab.dfs.core.windows.net",
            "primary_file_endpoint": "https://diag2473897f986ac8ab.file.core.windows.net/",
            "primary_file_host": "diag2473897f986ac8ab.file.core.windows.net",
            "primary_location": "eastasia",
            "primary_queue_endpoint": "https://diag2473897f986ac8ab.queue.core.windows.net/",
            "primary_queue_host": "diag2473897f986ac8ab.queue.core.windows.net",
            "primary_table_endpoint": "https://diag2473897f986ac8ab.table.core.windows.net/",
            "primary_table_host": "diag2473897f986ac8ab.table.core.windows.net",
            "primary_web_endpoint": "https://diag2473897f986ac8ab.z7.web.core.windows.net/",
            "primary_web_host": "diag2473897f986ac8ab.z7.web.core.windows.net",
            "queue_encryption_key_type": "Service",
            "queue_properties": [
              {
                "cors_rule": [],
                "hour_metrics": [
                  {
                    "enabled": true,
                    "include_apis": true,
                    "retention_policy_days": 7,
                    "version": "1.0"
                  }
                ],
                "logging": [
                  {
                    "delete": false,
                    "read": false,
                    "retention_policy_days": 0,
                    "version": "1.0",
                    "write": false
                  }
                ],
                "minute_metrics": [
                  {
                    "enabled": false,
                    "include_apis": false,
                    "retention_policy_days": 0,
                    "version": "1.0"
                  }
                ]
              }
            ],
            "resource_group_name": "terraform-rg",
            "routing": [],
            "secondary_access_key": "kIWO+zKMAspfD46b+M5L0mfi8i+Ks9EbMUq+61pLT9Yf9+Xm3EyuwsDy0l+pYT/gaoLk0eOnU2oY/CV0bExIAA==",
            "secondary_blob_connection_string": "",
            "secondary_blob_endpoint": null,
            "secondary_blob_host": null,
            "secondary_connection_string": "DefaultEndpointsProtocol=https;AccountName=diag2473897f986ac8ab;AccountKey=kIWO+zKMAspfD46b+M5L0mfi8i+Ks9EbMUq+61pLT9Yf9+Xm3EyuwsDy0l+pYT/gaoLk0eOnU2oY/CV0bExIAA==;EndpointSuffix=core.windows.net",
            "secondary_dfs_endpoint": null,
            "secondary_dfs_host": null,
            "secondary_file_endpoint": null,
            "secondary_file_host": null,
            "secondary_location": "",
            "secondary_queue_endpoint": null,
            "secondary_queue_host": null,
            "secondary_table_endpoint": null,
            "secondary_table_host": null,
            "secondary_web_endpoint": null,
            "secondary_web_host": null,
            "share_properties": [
              {
                "cors_rule": [],
                "retention_policy": [
                  {
                    "days": 7
                  }
                ],
                "smb": []
              }
            ],
            "shared_access_key_enabled": true,
            "static_website": [],
            "table_encryption_key_type": "Service",
            "tags": {
              "env": "test",
              "group": "terraform"
            },
            "timeouts": null
          },
          "sensitive_attributes": [],
          "private": "eyJlMmJmYjczMC1lY2FhLTExZTYtOGY4OC0zNDM2M2JjN2M0YzAiOnsiY3JlYXRlIjozNjAwMDAwMDAwMDAwLCJkZWxldGUiOjM2MDAwMDAwMDAwMDAsInJlYWQiOjMwMDAwMDAwMDAwMCwidXBkYXRlIjozNjAwMDAwMDAwMDAwfSwic2NoZW1hX3ZlcnNpb24iOiIzIn0=",
          "dependencies": [
            "azurerm_resource_group.rg",
            "random_id.randomId"
          ]
        }
      ]
    },
    {
      "mode": "managed",
      "type": "azurerm_subnet",
      "name": "subnet1",
      "provider": "provider[\"registry.terraform.io/hashicorp/azurerm\"]",
      "instances": [
        {
          "schema_version": 0,
          "attributes": {
            "address_prefixes": [
              "10.0.2.0/24"
            ],
            "delegation": [],
            "enforce_private_link_endpoint_network_policies": false,
            "enforce_private_link_service_network_policies": false,
            "id": "/subscriptions/7bf22583-6308-460d-8983-5051b2157c0e/resourceGroups/terraform-rg/providers/Microsoft.Network/virtualNetworks/terraform-vnet/subnets/terraform-subnet1",
            "name": "terraform-subnet1",
            "resource_group_name": "terraform-rg",
            "service_endpoint_policy_ids": null,
            "service_endpoints": null,
            "timeouts": null,
            "virtual_network_name": "terraform-vnet"
          },
          "sensitive_attributes": [],
          "private": "eyJlMmJmYjczMC1lY2FhLTExZTYtOGY4OC0zNDM2M2JjN2M0YzAiOnsiY3JlYXRlIjoxODAwMDAwMDAwMDAwLCJkZWxldGUiOjE4MDAwMDAwMDAwMDAsInJlYWQiOjMwMDAwMDAwMDAwMCwidXBkYXRlIjoxODAwMDAwMDAwMDAwfX0=",
          "dependencies": [
            "azurerm_resource_group.rg",
            "azurerm_virtual_network.vnet"
          ]
        }
      ]
    },
    {
      "mode": "managed",
      "type": "azurerm_virtual_network",
      "name": "vnet",
      "provider": "provider[\"registry.terraform.io/hashicorp/azurerm\"]",
      "instances": [
        {
          "schema_version": 0,
          "attributes": {
            "address_space": [
              "10.0.0.0/16"
            ],
            "bgp_community": "",
            "ddos_protection_plan": [],
            "dns_servers": [],
            "edge_zone": "",
            "flow_timeout_in_minutes": 0,
            "guid": "d9ce8cf2-733a-4779-992e-430ca91d6abe",
            "id": "/subscriptions/7bf22583-6308-460d-8983-5051b2157c0e/resourceGroups/terraform-rg/providers/Microsoft.Network/virtualNetworks/terraform-vnet",
            "location": "eastasia",
            "name": "terraform-vnet",
            "resource_group_name": "terraform-rg",
            "subnet": [],
            "tags": {
              "env": "test",
              "group": "terraform"
            },
            "timeouts": null
          },
          "sensitive_attributes": [],
          "private": "eyJlMmJmYjczMC1lY2FhLTExZTYtOGY4OC0zNDM2M2JjN2M0YzAiOnsiY3JlYXRlIjoxODAwMDAwMDAwMDAwLCJkZWxldGUiOjE4MDAwMDAwMDAwMDAsInJlYWQiOjMwMDAwMDAwMDAwMCwidXBkYXRlIjoxODAwMDAwMDAwMDAwfX0=",
          "dependencies": [
            "azurerm_resource_group.rg"
          ]
        }
      ]
    },
    {
      "mode": "managed",
      "type": "random_id",
      "name": "randomId",
      "provider": "provider[\"registry.terraform.io/hashicorp/random\"]",
      "instances": [
        {
          "schema_version": 0,
          "attributes": {
            "b64_std": "JHOJf5hqyKs=",
            "b64_url": "JHOJf5hqyKs",
            "byte_length": 8,
            "dec": "2626594188798118059",
            "hex": "2473897f986ac8ab",
            "id": "JHOJf5hqyKs",
            "keepers": {
              "resource_group": "terraform-rg"
            },
            "prefix": null
          },
          "sensitive_attributes": [],
          "private": "bnVsbA==",
          "dependencies": [
            "azurerm_resource_group.rg"
          ]
        }
      ]
    },
    {
      "mode": "managed",
      "type": "tls_private_key",
      "name": "rsa-4096",
      "provider": "provider[\"registry.terraform.io/hashicorp/tls\"]",
      "instances": [
        {
          "schema_version": 0,
          "attributes": {
            "algorithm": "RSA",
            "ecdsa_curve": "P224",
            "id": "090aceeb9e9beffce34450ea574fe297f7853d59",
            "private_key_openssh": "-----BEGIN OPENSSH PRIVATE KEY-----\nb3BlbnNzaC1rZXktdjEAAAAABG5vbmUAAAAEbm9uZQAAAAAAAAABAAACFwAAAAdz\nc2gtcnNhAAAAAwEAAQAAAgEAuEPAdN1aWmotYUpeZrNggyEU4LIoIU5H7+vvmBcn\nQVMRRobWEPSmQXkUlyQNJ3AIxMYqn+9kWq6i+XTOxrUZ+jIcgNHO3O9CaXw7sJ51\nleb2MecBwaEiDvd7mileF49nyScmdahVvul5X06BjPaaxgFLoybBFhwB5oqqs3Ky\nk9T+p+7Z3mcnklcLDa6bBNDame8LGKTxRYkEUR+K8kJxw6oFzJLyG02Q500uJcNT\nhwYgFMQHXQQiGTDqnzxLqM7VGeM3ep59/zaeu8rnCeYHtYl9VBYomKVrOAaKGc7Q\nDayLGKh7Fk/8NEI0/g2fOqMmesEoE/CldJuz9GwjqkBhNcUj4SOEedizv2SBcuYb\nBsFLHGHBb5ph7rG4rHdRzamqcqj9+rdC7WiDkW+4O0bZvVnJxzfr7t74duOZh+O/\n6t2AQPk92ST+2GxtTlXUogex2pdEPyF7NQ4/fOiwPvF+DcuSaYsN4TdDzrQxi5Zu\nQxsG+acLzHFVMIpPaSBEtWfhbEK4K++oM1tA8qBIWSUw5MxZp/YhyOayLlza3su6\nehf9ZfJdmWXJav26Xr7gl4CxfgsYD9IXzBSuLZHsIMRrzz6Kuu83sXvdCr80ilHT\nDJJNJWvkKpzW5ukM6YIVEEDyDFi68At53re/ipybns8HqAE4eQeOsdng4lDB7YbJ\nE2kAAAc41x+64NcfuuAAAAAHc3NoLXJzYQAAAgEAuEPAdN1aWmotYUpeZrNggyEU\n4LIoIU5H7+vvmBcnQVMRRobWEPSmQXkUlyQNJ3AIxMYqn+9kWq6i+XTOxrUZ+jIc\ngNHO3O9CaXw7sJ51leb2MecBwaEiDvd7mileF49nyScmdahVvul5X06BjPaaxgFL\noybBFhwB5oqqs3Kyk9T+p+7Z3mcnklcLDa6bBNDame8LGKTxRYkEUR+K8kJxw6oF\nzJLyG02Q500uJcNThwYgFMQHXQQiGTDqnzxLqM7VGeM3ep59/zaeu8rnCeYHtYl9\nVBYomKVrOAaKGc7QDayLGKh7Fk/8NEI0/g2fOqMmesEoE/CldJuz9GwjqkBhNcUj\n4SOEedizv2SBcuYbBsFLHGHBb5ph7rG4rHdRzamqcqj9+rdC7WiDkW+4O0bZvVnJ\nxzfr7t74duOZh+O/6t2AQPk92ST+2GxtTlXUogex2pdEPyF7NQ4/fOiwPvF+DcuS\naYsN4TdDzrQxi5ZuQxsG+acLzHFVMIpPaSBEtWfhbEK4K++oM1tA8qBIWSUw5MxZ\np/YhyOayLlza3su6ehf9ZfJdmWXJav26Xr7gl4CxfgsYD9IXzBSuLZHsIMRrzz6K\nuu83sXvdCr80ilHTDJJNJWvkKpzW5ukM6YIVEEDyDFi68At53re/ipybns8HqAE4\neQeOsdng4lDB7YbJE2kAAAADAQABAAACACV2+RGJ1A4gGnv2j/0XqZ7fwgvxjUFA\nVlYMxZlJ09xvVErfrXSjGY6kXLBiTx5epBnGJPKBzQi3C0HnIwe52L9LIwp6HjJD\nn2AtN0Gw5j2FSTdaPbwt0+vxG7t7f7sQmEyI3kP75vs7I0digeq0VUG/D67reUTS\nivxh41U7E94E54YjhT64AI67je7JOpGfGWNE/B+Vocy+kBcib7DUG6dp0WYH1pwA\niF7PDXv2G+yPLUSrmsepyHkQvhOEQenfq+pojWYsBXg3lcye85zKnXSmsMnA+54V\nvBgXFEstBpZRJ7LqxqQBvUiu0XF6OY7Fj1RUI57yReHQqqUeu52pG1pnn9ke3nSS\nCuljtBlXmrQgsvX1xdYErbHM3ave+ZS7hnmngv7OEhvqVTquT3IMYEmx5AtF3C3C\nKwSB4GObJPgRyjlkdrLioQI+Y8pLSv790D191/+dF2YATKhc7uSkNDhRXb6v/JGv\nqX4UNbu7NLd3hZEbH/VU6TUwEplTIYjkK+qnsAXTmEx/M874QYvJjBpk7IJbHHAW\n9yf09dBtgE5hr8rbK+907hr0GkJVvhydWvIUR4+s/J5hNlVgYNjQOe5+woXUSPBL\nT/I9+pRqWGnlfSHDAnlEe/XccmMp+X+gfmT159Vk//2pSCP7Lkecf4DqXseC/sE6\nVOeDYoySF3i1AAABAB0rr+RF3gUOER5dVuZeX2RjdwIYy5c64SDub80EKDqe7Itj\nARSXN3j0c9MP1QNlkIBu+o/WRIZf/zZfYX4s+1yLAk9ZxHXzQjn+KFaJuPWQxwjz\nVa/II1GjklJH8x2Q02NHG4mVRucWDFm9QAE4vxvof1ta0UK82fK6L+0ia6X/4hAg\nlVSgJ9yYlF2fZUkK3mRxgBCozPlgLObilcj2XzL1eJd/Sa2mkuipGW+RAoQGo9EZ\ncRq/wZnNENLvTYMV0v8lWfoZfHpWmOF8jpiJyjRExSHYkcO8stBMERXfiYrMSaRQ\nL+sr4xmXvN99yUTXBbczZiFrPOiWcu/EJ9jSP8AAAAEBAMPBenVmEU5RgEx+2vNW\n/bx1X0isb6EVed/WCvzVDmn4vdwue7+XXU3UYFoX6hztyF3EciDn73/tpQIS2yKk\nzraperczludnTQRLMvTmJqpy50oZwk8YytitHUyyQn0WILXFfMjwxZ+5YUwUI3lA\n8pC+710R2z0xNogP6R9V/inz4faW5ewubBqC7LYN/6I8LQyMF/1T5g0WwCBzKiRN\nQAD7ITsQSFjyC5E1CDc9EkLXLra5pBU5KN0xjJatUcYUNMdsMv6AUvJrl6a3vRFw\n4hrbJAOt7oW8faC7W3NQ5i0cB+cynk0/FdjSl3QrpSq8UyrMJT7+jMIyTzxqTg4c\nausAAAEBAPD484dgVeU1eWPyIMNA6x4FKRMXgGCC1hlEnfguylUD9/cpGD1VpabQ\nXuAjOISnT6R6CsyFoNdt01fV6kLLjIcCNZQN6+os65zjhTJgE7gYVBIZTaKpXPCH\nxmHaB4nFunNEBN/eQJvq6kCFxHeeWFrYp/fEVPlhPeYMhd5VmH03R3xR46LgFJwq\nljv7/JTOVVNaYYs0JdWlDqxWshLTr9I5/fV54FroeUKTsz84WVo32ES3y8SgLBsF\nKEI6u2BspVhhNF8rqutEHikqvV1W2Gn6J/to5DcgDY553oK3m3xx6gCDIFU/cMJh\nXprDVw4I8irJ+Af++YSciZVKxV1G/fsAAAAAAQID\n-----END OPENSSH PRIVATE KEY-----\n",
            "private_key_pem": "-----BEGIN RSA PRIVATE KEY-----\nMIIJJwIBAAKCAgEAuEPAdN1aWmotYUpeZrNggyEU4LIoIU5H7+vvmBcnQVMRRobW\nEPSmQXkUlyQNJ3AIxMYqn+9kWq6i+XTOxrUZ+jIcgNHO3O9CaXw7sJ51leb2MecB\nwaEiDvd7mileF49nyScmdahVvul5X06BjPaaxgFLoybBFhwB5oqqs3Kyk9T+p+7Z\n3mcnklcLDa6bBNDame8LGKTxRYkEUR+K8kJxw6oFzJLyG02Q500uJcNThwYgFMQH\nXQQiGTDqnzxLqM7VGeM3ep59/zaeu8rnCeYHtYl9VBYomKVrOAaKGc7QDayLGKh7\nFk/8NEI0/g2fOqMmesEoE/CldJuz9GwjqkBhNcUj4SOEedizv2SBcuYbBsFLHGHB\nb5ph7rG4rHdRzamqcqj9+rdC7WiDkW+4O0bZvVnJxzfr7t74duOZh+O/6t2AQPk9\n2ST+2GxtTlXUogex2pdEPyF7NQ4/fOiwPvF+DcuSaYsN4TdDzrQxi5ZuQxsG+acL\nzHFVMIpPaSBEtWfhbEK4K++oM1tA8qBIWSUw5MxZp/YhyOayLlza3su6ehf9ZfJd\nmWXJav26Xr7gl4CxfgsYD9IXzBSuLZHsIMRrzz6Kuu83sXvdCr80ilHTDJJNJWvk\nKpzW5ukM6YIVEEDyDFi68At53re/ipybns8HqAE4eQeOsdng4lDB7YbJE2kCAwEA\nAQKCAgAldvkRidQOIBp79o/9F6me38IL8Y1BQFZWDMWZSdPcb1RK3610oxmOpFyw\nYk8eXqQZxiTygc0ItwtB5yMHudi/SyMKeh4yQ59gLTdBsOY9hUk3Wj28LdPr8Ru7\ne3+7EJhMiN5D++b7OyNHYoHqtFVBvw+u63lE0or8YeNVOxPeBOeGI4U+uACOu43u\nyTqRnxljRPwflaHMvpAXIm+w1BunadFmB9acAIhezw179hvsjy1Eq5rHqch5EL4T\nhEHp36vqaI1mLAV4N5XMnvOcyp10prDJwPueFbwYFxRLLQaWUSey6sakAb1IrtFx\nejmOxY9UVCOe8kXh0KqlHrudqRtaZ5/ZHt50kgrpY7QZV5q0ILL19cXWBK2xzN2r\n3vmUu4Z5p4L+zhIb6lU6rk9yDGBJseQLRdwtwisEgeBjmyT4Eco5ZHay4qECPmPK\nS0r+/dA9fdf/nRdmAEyoXO7kpDQ4UV2+r/yRr6l+FDW7uzS3d4WRGx/1VOk1MBKZ\nUyGI5Cvqp7AF05hMfzPO+EGLyYwaZOyCWxxwFvcn9PXQbYBOYa/K2yvvdO4a9BpC\nVb4cnVryFEePrPyeYTZVYGDY0DnufsKF1EjwS0/yPfqUalhp5X0hwwJ5RHv13HJj\nKfl/oH5k9efVZP/9qUgj+y5HnH+A6l7Hgv7BOlTng2KMkhd4tQKCAQEAw8F6dWYR\nTlGATH7a81b9vHVfSKxvoRV539YK/NUOafi93C57v5ddTdRgWhfqHO3IXcRyIOfv\nf+2lAhLbIqTOtql6tzOW52dNBEsy9OYmqnLnShnCTxjK2K0dTLJCfRYgtcV8yPDF\nn7lhTBQjeUDykL7vXRHbPTE2iA/pH1X+KfPh9pbl7C5sGoLstg3/ojwtDIwX/VPm\nDRbAIHMqJE1AAPshOxBIWPILkTUINz0SQtcutrmkFTko3TGMlq1RxhQ0x2wy/oBS\n8muXpre9EXDiGtskA63uhbx9oLtbc1DmLRwH5zKeTT8V2NKXdCulKrxTKswlPv6M\nwjJPPGpODhxq6wKCAQEA8Pjzh2BV5TV5Y/Igw0DrHgUpExeAYILWGUSd+C7KVQP3\n9ykYPVWlptBe4CM4hKdPpHoKzIWg123TV9XqQsuMhwI1lA3r6izrnOOFMmATuBhU\nEhlNoqlc8IfGYdoHicW6c0QE395Am+rqQIXEd55YWtin98RU+WE95gyF3lWYfTdH\nfFHjouAUnCqWO/v8lM5VU1phizQl1aUOrFayEtOv0jn99XngWuh5QpOzPzhZWjfY\nRLfLxKAsGwUoQjq7YGylWGE0Xyuq60QeKSq9XVbYafon+2jkNyANjnnegrebfHHq\nAIMgVT9wwmFemsNXDgjyKsn4B/75hJyJlUrFXUb9+wKCAQBgJNq8ZlEBok3dREDN\nW2Br+0m9K9P3zdB5+2qSGyJlMeIuDjaBNxqAa1qXZT96zd6nDyDuwHuE3Xc5uYEf\nVsqgNEUtTY1EQhw1i6mPVqqO9LhcUKJ6rraSDRRi4vp87S1LmZ9cIcUuWaJL92gk\n2Z1JMj3l/CsttsoNsaLR3S5j9IB62Eo84d/+dWdFU0LGr7+Adh4iMd6/dvkN9wIv\nqjFRSgZcN/cQmHDN9LoAR2J8qasr26mXMue7G+bs6ltLagkyGRZCoUwb/HQTUhLu\nSf8DKbZaiEaqMJWTJ/IWhRlH9oh7KQVO8zkLsQLp77XDc5N1Zaa1ddg0WPlJtvx3\nOcXZAoIBAH1yvSUu68ilrApyFMhRVZWNTjLYO0cDFf6VkD+R7FeR91c+l5XmrpRH\nSf0ZmOTGTVntBw4uSuucCzhg7tHTMddfORFYpgaFWCuW7tKo3dsrHylE7vvNe8rk\nhEyQuvfobgZv1LHO/IevJkBs4zj6wDibLeZ42VvyWc0Xm+GBYh9d1eNMpls2mMQs\nD4YuyvGU8SqxlLJpdYDhqt/hSlcuyQuCkUloJ3psKCSWy+wPo8Sp6fbsUDKOyCdQ\n6gKAnOe35+Q4xpD9JL/R+Hmp/GdJPOT/DC2AD776+tO/ci1O9K02iIG3we9fVY58\nLkoXg4yU762C85MGFFQLQjzsbg7/VF0CggEAHSuv5EXeBQ4RHl1W5l5fZGN3AhjL\nlzrhIO5vzQQoOp7si2MBFJc3ePRz0w/VA2WQgG76j9ZEhl//Nl9hfiz7XIsCT1nE\ndfNCOf4oVom49ZDHCPNVr8gjUaOSUkfzHZDTY0cbiZVG5xYMWb1AATi/G+h/W1rR\nQrzZ8rov7SJrpf/iECCVVKAn3JiUXZ9lSQreZHGAEKjM+WAs5uKVyPZfMvV4l39J\nraaS6KkZb5EChAaj0RlxGr/Bmc0Q0u9NgxXS/yVZ+hl8elaY4XyOmInKNETFIdiR\nw7yy0EwRFd+JisxJpFAv6yvjGZe8333JRNcFtzNmIWs86JZy78Qn2NI/wA==\n-----END RSA PRIVATE KEY-----\n",
            "public_key_fingerprint_md5": "74:a5:d4:66:ab:8c:62:4d:3a:1c:59:28:c6:19:0f:ab",
            "public_key_fingerprint_sha256": "SHA256:Tyv/rL+aQlOWxO670Q7w/OyA9oXsd+4JkkbE9P4F/e0",
            "public_key_openssh": "ssh-rsa AAAAB3NzaC1yc2EAAAADAQABAAACAQC4Q8B03Vpaai1hSl5ms2CDIRTgsighTkfv6++YFydBUxFGhtYQ9KZBeRSXJA0ncAjExiqf72RarqL5dM7GtRn6MhyA0c7c70JpfDuwnnWV5vYx5wHBoSIO93uaKV4Xj2fJJyZ1qFW+6XlfToGM9prGAUujJsEWHAHmiqqzcrKT1P6n7tneZyeSVwsNrpsE0NqZ7wsYpPFFiQRRH4ryQnHDqgXMkvIbTZDnTS4lw1OHBiAUxAddBCIZMOqfPEuoztUZ4zd6nn3/Np67yucJ5ge1iX1UFiiYpWs4BooZztANrIsYqHsWT/w0QjT+DZ86oyZ6wSgT8KV0m7P0bCOqQGE1xSPhI4R52LO/ZIFy5hsGwUscYcFvmmHusbisd1HNqapyqP36t0LtaIORb7g7Rtm9WcnHN+vu3vh245mH47/q3YBA+T3ZJP7YbG1OVdSiB7Hal0Q/IXs1Dj986LA+8X4Ny5Jpiw3hN0POtDGLlm5DGwb5pwvMcVUwik9pIES1Z+FsQrgr76gzW0DyoEhZJTDkzFmn9iHI5rIuXNrey7p6F/1l8l2ZZclq/bpevuCXgLF+CxgP0hfMFK4tkewgxGvPPoq67zexe90KvzSKUdMMkk0la+QqnNbm6QzpghUQQPIMWLrwC3net7+KnJuezweoATh5B46x2eDiUMHthskTaQ==\n",
            "public_key_pem": "-----BEGIN PUBLIC KEY-----\nMIICIjANBgkqhkiG9w0BAQEFAAOCAg8AMIICCgKCAgEAuEPAdN1aWmotYUpeZrNg\ngyEU4LIoIU5H7+vvmBcnQVMRRobWEPSmQXkUlyQNJ3AIxMYqn+9kWq6i+XTOxrUZ\n+jIcgNHO3O9CaXw7sJ51leb2MecBwaEiDvd7mileF49nyScmdahVvul5X06BjPaa\nxgFLoybBFhwB5oqqs3Kyk9T+p+7Z3mcnklcLDa6bBNDame8LGKTxRYkEUR+K8kJx\nw6oFzJLyG02Q500uJcNThwYgFMQHXQQiGTDqnzxLqM7VGeM3ep59/zaeu8rnCeYH\ntYl9VBYomKVrOAaKGc7QDayLGKh7Fk/8NEI0/g2fOqMmesEoE/CldJuz9GwjqkBh\nNcUj4SOEedizv2SBcuYbBsFLHGHBb5ph7rG4rHdRzamqcqj9+rdC7WiDkW+4O0bZ\nvVnJxzfr7t74duOZh+O/6t2AQPk92ST+2GxtTlXUogex2pdEPyF7NQ4/fOiwPvF+\nDcuSaYsN4TdDzrQxi5ZuQxsG+acLzHFVMIpPaSBEtWfhbEK4K++oM1tA8qBIWSUw\n5MxZp/YhyOayLlza3su6ehf9ZfJdmWXJav26Xr7gl4CxfgsYD9IXzBSuLZHsIMRr\nzz6Kuu83sXvdCr80ilHTDJJNJWvkKpzW5ukM6YIVEEDyDFi68At53re/ipybns8H\nqAE4eQeOsdng4lDB7YbJE2kCAwEAAQ==\n-----END PUBLIC KEY-----\n",
            "rsa_bits": 4096
          },
          "sensitive_attributes": [],
          "private": "bnVsbA=="
        }
      ]
    }
  ]
}
